{
  "name": "altv-webpack-plugin",
  "version": "1.0.0",
  "lockfileVersion": 1,
  "requires": true,
  "dependencies": {
    "source-list-map": {
      "version": "2.0.1",
      "resolved": "https://registry.npmjs.org/source-list-map/-/source-list-map-2.0.1.tgz",
      "integrity": "sha512-qnQ7gVMxGNxsiL4lEuJwe/To8UnK7fAnmbGEEH8RpLouuKbeEm0lhbQVFIrNSuB+G7tVrAlVsZgETT5nljf+Iw=="
    },
    "source-map": {
      "version": "0.6.1",
      "resolved": "https://registry.npmjs.org/source-map/-/source-map-0.6.1.tgz",
      "integrity": "sha512-UjgapumWlbMhkBgzT7Ykc5YXUT46F0iKu8SGXq0bcwP5dz/h0Plj6enJqjz1Zbq2l5WaqYnrVbwWOWMyF3F47g=="
    },
    "webpack-sources": {
      "version": "1.4.3",
      "resolved": "https://registry.npmjs.org/webpack-sources/-/webpack-sources-1.4.3.tgz",
      "integrity": "sha512-lgTS3Xhv1lCOKo7SA5TjKXMjpSM4sBjNV5+q2bqesbSPs5FjGmU6jjtBSkX9b4qW87vDIsCIlUPOEhbZrMdjeQ==",
      "requires": {
        "source-list-map": "2.0.1",
        "source-map": "0.6.1"
      }
    }
  }
}
